
Microsoft Visual Studio Solution File, Format Version 12.00
# Visual Studio Version 17
VisualStudioVersion = 17.6.33829.357
MinimumVisualStudioVersion = 10.0.40219.1
Project("{FAE04EC0-301F-11D3-BF4B-00C04F79EFBC}") = "SistemaGestao", "SistemaGestao\SistemaGestao.csproj", "{0093A625-1E67-4B9B-8166-FD4B952D9DEC}"
EndProject
Global
	GlobalSection(SolutionConfigurationPlatforms) = preSolution
		Debug|Any CPU = Debug|Any CPU
		Release|Any CPU = Release|Any CPU
	EndGlobalSection
	GlobalSection(ProjectConfigurationPlatforms) = postSolution
		{0093A625-1E67-4B9B-8166-FD4B952D9DEC}.Debug|Any CPU.ActiveCfg = Debug|Any CPU
		{0093A625-1E67-4B9B-8166-FD4B952D9DEC}.Debug|Any CPU.Build.0 = Debug|Any CPU
		{0093A625-1E67-4B9B-8166-FD4B952D9DEC}.Release|Any CPU.ActiveCfg = Release|Any CPU
		{0093A625-1E67-4B9B-8166-FD4B952D9DEC}.Release|Any CPU.Build.0 = Release|Any CPU
	EndGlobalSection
	GlobalSection(SolutionProperties) = preSolution
		HideSolutionNode = FALSE
	EndGlobalSection
	GlobalSection(ExtensibilityGlobals) = postSolution
		SolutionGuid = {B38BAD39-74AE-417E-B850-0FECB77A2060}
	EndGlobalSection
EndGlobal
